{
  "meteor": {},
  "dependencies": {
    "basePackages": {
      "normalize.css": {}
    },
    "packages": {
      "normalize.css": {
        "git": "https://github.com/rithis/meteor-normalize.css",
        "tag": "v2.0.1",
        "commit": "671aba13223dd7d7ec1d26a6b2461943d7c4fa18"
      }
    }
  }
}
